{
  "name": "Eletronic-Prescription-Mobile",
  "lockfileVersion": 2,
  "requires": true,
  "packages": {
    "": {
      "dependencies": {
        "@capacitor/browser": "^5.0.6"
      }
    },
    "node_modules/@capacitor/browser": {
      "version": "5.0.6",
      "resolved": "https://registry.npmjs.org/@capacitor/browser/-/browser-5.0.6.tgz",
      "integrity": "sha512-wEI7Na6PVzSP/00ud7pjbBwXwVG7HywCdy2fJT/hzF6yuHn4tDirbOvbr1JKd9LZqKs2Xn+TapV38JhBRhX6YA==",
      "peerDependencies": {
        "@capacitor/core": "^5.0.0"
      }
    },
    "node_modules/@capacitor/core": {
      "version": "5.2.1",
      "resolved": "https://registry.npmjs.org/@capacitor/core/-/core-5.2.1.tgz",
      "integrity": "sha512-v7nzTQZj9l99Sp0v8C7Zq8QX6Cg5ljq7ASneWk/Hc5nBR5LOj/k3a+yEx/RoclWtkxJfs89Y5k+KJTFFQ6cLoA==",
      "peer": true,
      "dependencies": {
        "tslib": "^2.1.0"
      }
    },
    "node_modules/tslib": {
      "version": "2.6.0",
      "resolved": "https://registry.npmjs.org/tslib/-/tslib-2.6.0.tgz",
      "integrity": "sha512-7At1WUettjcSRHXCyYtTselblcHl9PJFFVKiCAy/bY97+BPZXSQ2wbq0P9s8tK2G7dFQfNnlJnPAiArVBVBsfA==",
      "peer": true
    }
  },
  "dependencies": {
    "@capacitor/browser": {
      "version": "5.0.6",
      "resolved": "https://registry.npmjs.org/@capacitor/browser/-/browser-5.0.6.tgz",
      "integrity": "sha512-wEI7Na6PVzSP/00ud7pjbBwXwVG7HywCdy2fJT/hzF6yuHn4tDirbOvbr1JKd9LZqKs2Xn+TapV38JhBRhX6YA==",
      "requires": {}
    },
    "@capacitor/core": {
      "version": "5.2.1",
      "resolved": "https://registry.npmjs.org/@capacitor/core/-/core-5.2.1.tgz",
      "integrity": "sha512-v7nzTQZj9l99Sp0v8C7Zq8QX6Cg5ljq7ASneWk/Hc5nBR5LOj/k3a+yEx/RoclWtkxJfs89Y5k+KJTFFQ6cLoA==",
      "peer": true,
      "requires": {
        "tslib": "^2.1.0"
      }
    },
    "tslib": {
      "version": "2.6.0",
      "resolved": "https://registry.npmjs.org/tslib/-/tslib-2.6.0.tgz",
      "integrity": "sha512-7At1WUettjcSRHXCyYtTselblcHl9PJFFVKiCAy/bY97+BPZXSQ2wbq0P9s8tK2G7dFQfNnlJnPAiArVBVBsfA==",
      "peer": true
    }
  }
}
